<?xml version="1.0" encoding="utf-8"?>
<Project ToolsVersion="4.0" xmlns="http://schemas.microsoft.com/developer/msbuild/2003">
  <ItemGroup>
    <Filter Include="Source Files">
      <UniqueIdentifier>{4FC737F1-C7A5-4376-A066-2A32D752A2FF}</UniqueIdentifier>
      <Extensions>cpp;c;cc;cxx;def;odl;idl;hpj;bat;asm;asmx</Extensions>
    </Filter>
    <Filter Include="Header Files">
      <UniqueIdentifier>{93995380-89BD-4b04-88EB-625FBE52EBFB}</UniqueIdentifier>
      <Extensions>h;hh;hpp;hxx;hm;inl;inc;ipp;xsd</Extensions>
    </Filter>
    <Filter Include="Resource Files">
      <UniqueIdentifier>{67DA6AB6-F800-4c08-8B7A-83BB121AAD01}</UniqueIdentifier>
      <Extensions>rc;ico;cur;bmp;dlg;rc2;rct;bin;rgs;gif;jpg;jpeg;jpe;resx;tiff;tif;png;wav;mfcribbon-ms</Extensions>
    </Filter>
  </ItemGroup>
  <ItemGroup>
    <ClCompile Include="Ccelula.cpp">
      <Filter>Source Files</Filter>
    </ClCompile>
    <ClCompile Include="Ccoordenadas.cpp">
      <Filter>Source Files</Filter>
    </ClCompile>
    <ClCompile Include="CCronometro.cpp">
      <Filter>Source Files</Filter>
    </ClCompile>
    <ClCompile Include="CFuncoes.cpp">
      <Filter>Source Files</Filter>
    </ClCompile>
    <ClCompile Include="Cjanela.cpp">
      <Filter>Source Files</Filter>
    </ClCompile>
    <ClCompile Include="Cpaleta.cpp">
      <Filter>Source Files</Filter>
    </ClCompile>
    <ClCompile Include="CPrograma.cpp">
      <Filter>Source Files</Filter>
    </ClCompile>
    <ClCompile Include="Csubcamada.cpp">
      <Filter>Source Files</Filter>
    </ClCompile>
    <ClCompile Include="CTarefaAlocarCelula.cpp">
      <Filter>Source Files</Filter>
    </ClCompile>
    <ClCompile Include="CtarefaBack.cpp">
      <Filter>Source Files</Filter>
    </ClCompile>
    <ClCompile Include="CtarefaFront.cpp">
      <Filter>Source Files</Filter>
    </ClCompile>
    <ClCompile Include="DebugObjects.cpp">
      <Filter>Source Files</Filter>
    </ClCompile>
    <ClCompile Include="main.cpp">
      <Filter>Source Files</Filter>
    </ClCompile>
    <ClCompile Include="palettes.cpp">
      <Filter>Source Files</Filter>
    </ClCompile>
    <ClCompile Include="Source.cpp">
      <Filter>Source Files</Filter>
    </ClCompile>
    <ClCompile Include="CMyDataTypes.cpp">
      <Filter>Source Files</Filter>
    </ClCompile>
    <ClCompile Include="PropriedadesJanela.cpp">
      <Filter>Source Files</Filter>
    </ClCompile>
    <ClCompile Include="OpenCLHost.cpp">
      <Filter>Source Files</Filter>
    </ClCompile>
  </ItemGroup>
  <ItemGroup>
    <ClInclude Include="Ccelula.h">
      <Filter>Header Files</Filter>
    </ClInclude>
    <ClInclude Include="Ccoordenadas.h">
      <Filter>Header Files</Filter>
    </ClInclude>
    <ClInclude Include="CCronometro.h">
      <Filter>Header Files</Filter>
    </ClInclude>
    <ClInclude Include="CFuncoes.h">
      <Filter>Header Files</Filter>
    </ClInclude>
    <ClInclude Include="Cjanela.h">
      <Filter>Header Files</Filter>
    </ClInclude>
    <ClInclude Include="Cpaleta.h">
      <Filter>Header Files</Filter>
    </ClInclude>
    <ClInclude Include="CPrograma.h">
      <Filter>Header Files</Filter>
    </ClInclude>
    <ClInclude Include="Csubcamada.h">
      <Filter>Header Files</Filter>
    </ClInclude>
    <ClInclude Include="CTarefaAlocarCelula.h">
      <Filter>Header Files</Filter>
    </ClInclude>
    <ClInclude Include="CtarefaBack.h">
      <Filter>Header Files</Filter>
    </ClInclude>
    <ClInclude Include="CtarefaFront.h">
      <Filter>Header Files</Filter>
    </ClInclude>
    <ClInclude Include="DebugObjects.h">
      <Filter>Header Files</Filter>
    </ClInclude>
    <ClInclude Include="global_headers.h">
      <Filter>Header Files</Filter>
    </ClInclude>
    <ClInclude Include="palettes.h">
      <Filter>Header Files</Filter>
    </ClInclude>
    <ClInclude Include="PropriedadesJanela.h">
      <Filter>Header Files</Filter>
    </ClInclude>
    <ClInclude Include="OpenCLHost.h">
      <Filter>Header Files</Filter>
    </ClInclude>
    <ClInclude Include="resource.h">
      <Filter>Header Files</Filter>
    </ClInclude>
  </ItemGroup>
  <ItemGroup>
    <ResourceCompile Include="ProjetoFractal.rc">
      <Filter>Resource Files</Filter>
    </ResourceCompile>
  </ItemGroup>
</Project>